
Microsoft Visual Studio Solution File, Format Version 12.00
# Visual Studio Version 17
VisualStudioVersion = 17.2.32519.379
MinimumVisualStudioVersion = 10.0.40219.1
Project("{FAE04EC0-301F-11D3-BF4B-00C04F79EFBC}") = "FirstProject", "FirstProject\FirstProject.csproj", "{3AB50EC4-4858-402F-AAD1-405C6DC9D3AF}"
EndProject
Global
	GlobalSection(SolutionConfigurationPlatforms) = preSolution
		Debug|Any CPU = Debug|Any CPU
		Release|Any CPU = Release|Any CPU
	EndGlobalSection
	GlobalSection(ProjectConfigurationPlatforms) = postSolution
		{3AB50EC4-4858-402F-AAD1-405C6DC9D3AF}.Debug|Any CPU.ActiveCfg = Debug|Any CPU
		{3AB50EC4-4858-402F-AAD1-405C6DC9D3AF}.Debug|Any CPU.Build.0 = Debug|Any CPU
		{3AB50EC4-4858-402F-AAD1-405C6DC9D3AF}.Release|Any CPU.ActiveCfg = Release|Any CPU
		{3AB50EC4-4858-402F-AAD1-405C6DC9D3AF}.Release|Any CPU.Build.0 = Release|Any CPU
	EndGlobalSection
	GlobalSection(SolutionProperties) = preSolution
		HideSolutionNode = FALSE
	EndGlobalSection
	GlobalSection(ExtensibilityGlobals) = postSolution
		SolutionGuid = {EC035AEF-2A38-4F91-8170-1A5BF6DB29D6}
	EndGlobalSection
EndGlobal
